// !$*UTF8*$!
{
	archiveVersion = 1;
	classes = {
	};
	objectVersion = 56;
	objects = {

/* Begin PBXBuildFile section */
		52D782122AC1CF4D00926A13 /* AppDelegate.swift in Sources */ = {isa = PBXBuildFile; fileRef = 52D782112AC1CF4D00926A13 /* AppDelegate.swift */; };
		52D782142AC1CF4D00926A13 /* SceneDelegate.swift in Sources */ = {isa = PBXBuildFile; fileRef = 52D782132AC1CF4D00926A13 /* SceneDelegate.swift */; };
		52D782162AC1CF4D00926A13 /* PantryViewController.swift in Sources */ = {isa = PBXBuildFile; fileRef = 52D782152AC1CF4D00926A13 /* PantryViewController.swift */; };
		52D7821B2AC1CF4F00926A13 /* Assets.xcassets in Resources */ = {isa = PBXBuildFile; fileRef = 52D7821A2AC1CF4F00926A13 /* Assets.xcassets */; };
		52D7821E2AC1CF4F00926A13 /* LaunchScreen.storyboard in Resources */ = {isa = PBXBuildFile; fileRef = 52D7821C2AC1CF4F00926A13 /* LaunchScreen.storyboard */; };
		52D7822E2AC1DBFB00926A13 /* PantryCollectionViewCell.swift in Sources */ = {isa = PBXBuildFile; fileRef = 52D7822D2AC1DBFB00926A13 /* PantryCollectionViewCell.swift */; };
		52D782302AC1EC9000926A13 /* Coordinator.swift in Sources */ = {isa = PBXBuildFile; fileRef = 52D7822F2AC1EC9000926A13 /* Coordinator.swift */; };
		52D782322AC1ECC400926A13 /* AppCoordinator.swift in Sources */ = {isa = PBXBuildFile; fileRef = 52D782312AC1ECC400926A13 /* AppCoordinator.swift */; };
		52D782342AC1ED3400926A13 /* AppRootCoordinator.swift in Sources */ = {isa = PBXBuildFile; fileRef = 52D782332AC1ED3400926A13 /* AppRootCoordinator.swift */; };
		52D782362AC1ED9500926A13 /* PantryCoordinator.swift in Sources */ = {isa = PBXBuildFile; fileRef = 52D782352AC1ED9500926A13 /* PantryCoordinator.swift */; };
		52D782382AC1EDCD00926A13 /* NavigationCoordinator.swift in Sources */ = {isa = PBXBuildFile; fileRef = 52D782372AC1EDCD00926A13 /* NavigationCoordinator.swift */; };
		52D7823B2AC1F0F600926A13 /* BaseCoordinator.swift in Sources */ = {isa = PBXBuildFile; fileRef = 52D7823A2AC1F0F600926A13 /* BaseCoordinator.swift */; };
		52D7824B2AC2C9A400926A13 /* Pods_pantry_app.framework in Frameworks */ = {isa = PBXBuildFile; fileRef = 52D7824A2AC2C9A400926A13 /* Pods_pantry_app.framework */; };
		52D7824C2AC2C9A400926A13 /* Pods_pantry_app.framework in Embed Frameworks */ = {isa = PBXBuildFile; fileRef = 52D7824A2AC2C9A400926A13 /* Pods_pantry_app.framework */; settings = {ATTRIBUTES = (CodeSignOnCopy, RemoveHeadersOnCopy, ); }; };
		52D7824F2AC2CE3F00926A13 /* PantryViewControllerViewModel.swift in Sources */ = {isa = PBXBuildFile; fileRef = 52D7824E2AC2CE3F00926A13 /* PantryViewControllerViewModel.swift */; };
		52D782512AC2D35A00926A13 /* Ingredient.swift in Sources */ = {isa = PBXBuildFile; fileRef = 52D782502AC2D35A00926A13 /* Ingredient.swift */; };
/* End PBXBuildFile section */

/* Begin PBXCopyFilesBuildPhase section */
		52D7824D2AC2C9A400926A13 /* Embed Frameworks */ = {
			isa = PBXCopyFilesBuildPhase;
			buildActionMask = 2147483647;
			dstPath = "";
			dstSubfolderSpec = 10;
			files = (
				52D7824C2AC2C9A400926A13 /* Pods_pantry_app.framework in Embed Frameworks */,
			);
			name = "Embed Frameworks";
			runOnlyForDeploymentPostprocessing = 0;
		};
/* End PBXCopyFilesBuildPhase section */

/* Begin PBXFileReference section */
		37D4221A27750E018DE76011 /* Pods-pantry-app.release.xcconfig */ = {isa = PBXFileReference; includeInIndex = 1; lastKnownFileType = text.xcconfig; name = "Pods-pantry-app.release.xcconfig"; path = "Target Support Files/Pods-pantry-app/Pods-pantry-app.release.xcconfig"; sourceTree = "<group>"; };
		52D7820E2AC1CF4D00926A13 /* pantry-app.app */ = {isa = PBXFileReference; explicitFileType = wrapper.application; includeInIndex = 0; path = "pantry-app.app"; sourceTree = BUILT_PRODUCTS_DIR; };
		52D782112AC1CF4D00926A13 /* AppDelegate.swift */ = {isa = PBXFileReference; lastKnownFileType = sourcecode.swift; path = AppDelegate.swift; sourceTree = "<group>"; };
		52D782132AC1CF4D00926A13 /* SceneDelegate.swift */ = {isa = PBXFileReference; lastKnownFileType = sourcecode.swift; path = SceneDelegate.swift; sourceTree = "<group>"; };
		52D782152AC1CF4D00926A13 /* PantryViewController.swift */ = {isa = PBXFileReference; lastKnownFileType = sourcecode.swift; path = PantryViewController.swift; sourceTree = "<group>"; };
		52D7821A2AC1CF4F00926A13 /* Assets.xcassets */ = {isa = PBXFileReference; lastKnownFileType = folder.assetcatalog; path = Assets.xcassets; sourceTree = "<group>"; };
		52D7821D2AC1CF4F00926A13 /* Base */ = {isa = PBXFileReference; lastKnownFileType = file.storyboard; name = Base; path = Base.lproj/LaunchScreen.storyboard; sourceTree = "<group>"; };
		52D7821F2AC1CF4F00926A13 /* Info.plist */ = {isa = PBXFileReference; lastKnownFileType = text.plist.xml; path = Info.plist; sourceTree = "<group>"; };
		52D7822D2AC1DBFB00926A13 /* PantryCollectionViewCell.swift */ = {isa = PBXFileReference; lastKnownFileType = sourcecode.swift; path = PantryCollectionViewCell.swift; sourceTree = "<group>"; };
		52D7822F2AC1EC9000926A13 /* Coordinator.swift */ = {isa = PBXFileReference; lastKnownFileType = sourcecode.swift; path = Coordinator.swift; sourceTree = "<group>"; };
		52D782312AC1ECC400926A13 /* AppCoordinator.swift */ = {isa = PBXFileReference; lastKnownFileType = sourcecode.swift; path = AppCoordinator.swift; sourceTree = "<group>"; };
		52D782332AC1ED3400926A13 /* AppRootCoordinator.swift */ = {isa = PBXFileReference; lastKnownFileType = sourcecode.swift; path = AppRootCoordinator.swift; sourceTree = "<group>"; };
		52D782352AC1ED9500926A13 /* PantryCoordinator.swift */ = {isa = PBXFileReference; lastKnownFileType = sourcecode.swift; path = PantryCoordinator.swift; sourceTree = "<group>"; };
		52D782372AC1EDCD00926A13 /* NavigationCoordinator.swift */ = {isa = PBXFileReference; lastKnownFileType = sourcecode.swift; path = NavigationCoordinator.swift; sourceTree = "<group>"; };
		52D7823A2AC1F0F600926A13 /* BaseCoordinator.swift */ = {isa = PBXFileReference; lastKnownFileType = sourcecode.swift; path = BaseCoordinator.swift; sourceTree = "<group>"; };
		52D7823C2AC2C95C00926A13 /* MVVMKit.framework */ = {isa = PBXFileReference; explicitFileType = wrapper.framework; path = MVVMKit.framework; sourceTree = BUILT_PRODUCTS_DIR; };
		52D7823D2AC2C95C00926A13 /* SnapKit.framework */ = {isa = PBXFileReference; explicitFileType = wrapper.framework; path = SnapKit.framework; sourceTree = BUILT_PRODUCTS_DIR; };
		52D782432AC2C99700926A13 /* MVVMKit.framework */ = {isa = PBXFileReference; explicitFileType = wrapper.framework; path = MVVMKit.framework; sourceTree = BUILT_PRODUCTS_DIR; };
		52D782442AC2C99700926A13 /* SnapKit.framework */ = {isa = PBXFileReference; explicitFileType = wrapper.framework; path = SnapKit.framework; sourceTree = BUILT_PRODUCTS_DIR; };
		52D7824A2AC2C9A400926A13 /* Pods_pantry_app.framework */ = {isa = PBXFileReference; explicitFileType = wrapper.framework; path = Pods_pantry_app.framework; sourceTree = BUILT_PRODUCTS_DIR; };
		52D7824E2AC2CE3F00926A13 /* PantryViewControllerViewModel.swift */ = {isa = PBXFileReference; lastKnownFileType = sourcecode.swift; path = PantryViewControllerViewModel.swift; sourceTree = "<group>"; };
		52D782502AC2D35A00926A13 /* Ingredient.swift */ = {isa = PBXFileReference; lastKnownFileType = sourcecode.swift; path = Ingredient.swift; sourceTree = "<group>"; };
		CA39F48E0D661E1E083EF84A /* Pods_pantry_app.framework */ = {isa = PBXFileReference; explicitFileType = wrapper.framework; includeInIndex = 0; path = Pods_pantry_app.framework; sourceTree = BUILT_PRODUCTS_DIR; };
		EBB1DB2F2E2D36899D04700D /* Pods-pantry-app.debug.xcconfig */ = {isa = PBXFileReference; includeInIndex = 1; lastKnownFileType = text.xcconfig; name = "Pods-pantry-app.debug.xcconfig"; path = "Target Support Files/Pods-pantry-app/Pods-pantry-app.debug.xcconfig"; sourceTree = "<group>"; };
/* End PBXFileReference section */

/* Begin PBXFrameworksBuildPhase section */
		52D7820B2AC1CF4D00926A13 /* Frameworks */ = {
			isa = PBXFrameworksBuildPhase;
			buildActionMask = 2147483647;
			files = (
				52D7824B2AC2C9A400926A13 /* Pods_pantry_app.framework in Frameworks */,
			);
			runOnlyForDeploymentPostprocessing = 0;
		};
/* End PBXFrameworksBuildPhase section */

/* Begin PBXGroup section */
		52D782052AC1CF4D00926A13 = {
			isa = PBXGroup;
			children = (
				52D782102AC1CF4D00926A13 /* pantry-app */,
				52D7820F2AC1CF4D00926A13 /* Products */,
				B0AA2873EB824FE07CA9DB40 /* Pods */,
				8032A69BB388DAC6476B72F3 /* Frameworks */,
			);
			sourceTree = "<group>";
		};
		52D7820F2AC1CF4D00926A13 /* Products */ = {
			isa = PBXGroup;
			children = (
				52D7820E2AC1CF4D00926A13 /* pantry-app.app */,
			);
			name = Products;
			sourceTree = "<group>";
		};
		52D782102AC1CF4D00926A13 /* pantry-app */ = {
			isa = PBXGroup;
			children = (
				52D782392AC1F0E700926A13 /* Pushed */,
				52D782252AC1DA2C00926A13 /* Models */,
				52D782292AC1DB4400926A13 /* ViewsControllers */,
				52D7822A2AC1DB5200926A13 /* Coordinator */,
				52D782282AC1DA6C00926A13 /* Supporting */,
			);
			path = "pantry-app";
			sourceTree = "<group>";
		};
		52D782252AC1DA2C00926A13 /* Models */ = {
			isa = PBXGroup;
			children = (
				52D782502AC2D35A00926A13 /* Ingredient.swift */,
			);
			path = Models;
			sourceTree = "<group>";
		};
		52D782282AC1DA6C00926A13 /* Supporting */ = {
			isa = PBXGroup;
			children = (
				52D782332AC1ED3400926A13 /* AppRootCoordinator.swift */,
				52D782112AC1CF4D00926A13 /* AppDelegate.swift */,
				52D782132AC1CF4D00926A13 /* SceneDelegate.swift */,
				52D7821A2AC1CF4F00926A13 /* Assets.xcassets */,
				52D7821C2AC1CF4F00926A13 /* LaunchScreen.storyboard */,
				52D7821F2AC1CF4F00926A13 /* Info.plist */,
			);
			path = Supporting;
			sourceTree = "<group>";
		};
		52D782292AC1DB4400926A13 /* ViewsControllers */ = {
			isa = PBXGroup;
			children = (
				52D7824E2AC2CE3F00926A13 /* PantryViewControllerViewModel.swift */,
				52D782352AC1ED9500926A13 /* PantryCoordinator.swift */,
				52D782152AC1CF4D00926A13 /* PantryViewController.swift */,
				52D7822C2AC1DBBF00926A13 /* Cells */,
			);
			path = ViewsControllers;
			sourceTree = "<group>";
		};
		52D7822A2AC1DB5200926A13 /* Coordinator */ = {
			isa = PBXGroup;
			children = (
				52D7822F2AC1EC9000926A13 /* Coordinator.swift */,
				52D782312AC1ECC400926A13 /* AppCoordinator.swift */,
				52D782372AC1EDCD00926A13 /* NavigationCoordinator.swift */,
			);
			path = Coordinator;
			sourceTree = "<group>";
		};
		52D7822C2AC1DBBF00926A13 /* Cells */ = {
			isa = PBXGroup;
			children = (
				52D7822D2AC1DBFB00926A13 /* PantryCollectionViewCell.swift */,
			);
			path = Cells;
			sourceTree = "<group>";
		};
		52D782392AC1F0E700926A13 /* Pushed */ = {
			isa = PBXGroup;
			children = (
				52D7823A2AC1F0F600926A13 /* BaseCoordinator.swift */,
			);
			path = Pushed;
			sourceTree = "<group>";
		};
		8032A69BB388DAC6476B72F3 /* Frameworks */ = {
			isa = PBXGroup;
			children = (
				52D7824A2AC2C9A400926A13 /* Pods_pantry_app.framework */,
				52D782432AC2C99700926A13 /* MVVMKit.framework */,
				52D782442AC2C99700926A13 /* SnapKit.framework */,
				52D7823C2AC2C95C00926A13 /* MVVMKit.framework */,
				52D7823D2AC2C95C00926A13 /* SnapKit.framework */,
				CA39F48E0D661E1E083EF84A /* Pods_pantry_app.framework */,
			);
			name = Frameworks;
			sourceTree = "<group>";
		};
		B0AA2873EB824FE07CA9DB40 /* Pods */ = {
			isa = PBXGroup;
			children = (
				EBB1DB2F2E2D36899D04700D /* Pods-pantry-app.debug.xcconfig */,
				37D4221A27750E018DE76011 /* Pods-pantry-app.release.xcconfig */,
			);
			path = Pods;
			sourceTree = "<group>";
		};
/* End PBXGroup section */

/* Begin PBXNativeTarget section */
		52D7820D2AC1CF4D00926A13 /* pantry-app */ = {
			isa = PBXNativeTarget;
			buildConfigurationList = 52D782222AC1CF4F00926A13 /* Build configuration list for PBXNativeTarget "pantry-app" */;
			buildPhases = (
				A145D264E04D6575B94E4072 /* [CP] Check Pods Manifest.lock */,
				52D7820A2AC1CF4D00926A13 /* Sources */,
				52D7820B2AC1CF4D00926A13 /* Frameworks */,
				52D7820C2AC1CF4D00926A13 /* Resources */,
				D2727D65F981921576303E51 /* [CP] Embed Pods Frameworks */,
				52D7824D2AC2C9A400926A13 /* Embed Frameworks */,
			);
			buildRules = (
			);
			dependencies = (
			);
			name = "pantry-app";
			productName = "pantry-app";
			productReference = 52D7820E2AC1CF4D00926A13 /* pantry-app.app */;
			productType = "com.apple.product-type.application";
		};
/* End PBXNativeTarget section */

/* Begin PBXProject section */
		52D782062AC1CF4D00926A13 /* Project object */ = {
			isa = PBXProject;
			attributes = {
				BuildIndependentTargetsInParallel = 1;
				LastSwiftUpdateCheck = 1500;
				LastUpgradeCheck = 1500;
				TargetAttributes = {
					52D7820D2AC1CF4D00926A13 = {
						CreatedOnToolsVersion = 15.0;
					};
				};
			};
			buildConfigurationList = 52D782092AC1CF4D00926A13 /* Build configuration list for PBXProject "pantry-app" */;
			compatibilityVersion = "Xcode 14.0";
			developmentRegion = en;
			hasScannedForEncodings = 0;
			knownRegions = (
				en,
				Base,
			);
			mainGroup = 52D782052AC1CF4D00926A13;
			productRefGroup = 52D7820F2AC1CF4D00926A13 /* Products */;
			projectDirPath = "";
			projectRoot = "";
			targets = (
				52D7820D2AC1CF4D00926A13 /* pantry-app */,
			);
		};
/* End PBXProject section */

/* Begin PBXResourcesBuildPhase section */
		52D7820C2AC1CF4D00926A13 /* Resources */ = {
			isa = PBXResourcesBuildPhase;
			buildActionMask = 2147483647;
			files = (
				52D7821E2AC1CF4F00926A13 /* LaunchScreen.storyboard in Resources */,
				52D7821B2AC1CF4F00926A13 /* Assets.xcassets in Resources */,
			);
			runOnlyForDeploymentPostprocessing = 0;
		};
/* End PBXResourcesBuildPhase section */

/* Begin PBXShellScriptBuildPhase section */
		A145D264E04D6575B94E4072 /* [CP] Check Pods Manifest.lock */ = {
			isa = PBXShellScriptBuildPhase;
			buildActionMask = 2147483647;
			files = (
			);
			inputFileListPaths = (
			);
			inputPaths = (
				"${PODS_PODFILE_DIR_PATH}/Podfile.lock",
				"${PODS_ROOT}/Manifest.lock",
			);
			name = "[CP] Check Pods Manifest.lock";
			outputFileListPaths = (
			);
			outputPaths = (
				"$(DERIVED_FILE_DIR)/Pods-pantry-app-checkManifestLockResult.txt",
			);
			runOnlyForDeploymentPostprocessing = 0;
			shellPath = /bin/sh;
			shellScript = "diff \"${PODS_PODFILE_DIR_PATH}/Podfile.lock\" \"${PODS_ROOT}/Manifest.lock\" > /dev/null\nif [ $? != 0 ] ; then\n    # print error to STDERR\n    echo \"error: The sandbox is not in sync with the Podfile.lock. Run 'pod install' or update your CocoaPods installation.\" >&2\n    exit 1\nfi\n# This output is used by Xcode 'outputs' to avoid re-running this script phase.\necho \"SUCCESS\" > \"${SCRIPT_OUTPUT_FILE_0}\"\n";
			showEnvVarsInLog = 0;
		};
		D2727D65F981921576303E51 /* [CP] Embed Pods Frameworks */ = {
			isa = PBXShellScriptBuildPhase;
			buildActionMask = 2147483647;
			files = (
			);
			inputFileListPaths = (
				"${PODS_ROOT}/Target Support Files/Pods-pantry-app/Pods-pantry-app-frameworks-${CONFIGURATION}-input-files.xcfilelist",
			);
			name = "[CP] Embed Pods Frameworks";
			outputFileListPaths = (
				"${PODS_ROOT}/Target Support Files/Pods-pantry-app/Pods-pantry-app-frameworks-${CONFIGURATION}-output-files.xcfilelist",
			);
			runOnlyForDeploymentPostprocessing = 0;
			shellPath = /bin/sh;
			shellScript = "\"${PODS_ROOT}/Target Support Files/Pods-pantry-app/Pods-pantry-app-frameworks.sh\"\n";
			showEnvVarsInLog = 0;
		};
/* End PBXShellScriptBuildPhase section */

/* Begin PBXSourcesBuildPhase section */
		52D7820A2AC1CF4D00926A13 /* Sources */ = {
			isa = PBXSourcesBuildPhase;
			buildActionMask = 2147483647;
			files = (
				52D7824F2AC2CE3F00926A13 /* PantryViewControllerViewModel.swift in Sources */,
				52D782322AC1ECC400926A13 /* AppCoordinator.swift in Sources */,
				52D782162AC1CF4D00926A13 /* PantryViewController.swift in Sources */,
				52D782122AC1CF4D00926A13 /* AppDelegate.swift in Sources */,
				52D782342AC1ED3400926A13 /* AppRootCoordinator.swift in Sources */,
				52D782382AC1EDCD00926A13 /* NavigationCoordinator.swift in Sources */,
				52D782362AC1ED9500926A13 /* PantryCoordinator.swift in Sources */,
				52D782302AC1EC9000926A13 /* Coordinator.swift in Sources */,
				52D782512AC2D35A00926A13 /* Ingredient.swift in Sources */,
				52D7823B2AC1F0F600926A13 /* BaseCoordinator.swift in Sources */,
				52D7822E2AC1DBFB00926A13 /* PantryCollectionViewCell.swift in Sources */,
				52D782142AC1CF4D00926A13 /* SceneDelegate.swift in Sources */,
			);
			runOnlyForDeploymentPostprocessing = 0;
		};
/* End PBXSourcesBuildPhase section */

/* Begin PBXVariantGroup section */
		52D7821C2AC1CF4F00926A13 /* LaunchScreen.storyboard */ = {
			isa = PBXVariantGroup;
			children = (
				52D7821D2AC1CF4F00926A13 /* Base */,
			);
			name = LaunchScreen.storyboard;
			sourceTree = "<group>";
		};
/* End PBXVariantGroup section */

/* Begin XCBuildConfiguration section */
		52D782202AC1CF4F00926A13 /* Debug */ = {
			isa = XCBuildConfiguration;
			buildSettings = {
				ALWAYS_SEARCH_USER_PATHS = NO;
				ASSETCATALOG_COMPILER_GENERATE_SWIFT_ASSET_SYMBOL_EXTENSIONS = YES;
				CLANG_ANALYZER_NONNULL = YES;
				CLANG_ANALYZER_NUMBER_OBJECT_CONVERSION = YES_AGGRESSIVE;
				CLANG_CXX_LANGUAGE_STANDARD = "gnu++20";
				CLANG_ENABLE_MODULES = YES;
				CLANG_ENABLE_OBJC_ARC = YES;
				CLANG_ENABLE_OBJC_WEAK = YES;
				CLANG_WARN_BLOCK_CAPTURE_AUTORELEASING = YES;
				CLANG_WARN_BOOL_CONVERSION = YES;
				CLANG_WARN_COMMA = YES;
				CLANG_WARN_CONSTANT_CONVERSION = YES;
				CLANG_WARN_DEPRECATED_OBJC_IMPLEMENTATIONS = YES;
				CLANG_WARN_DIRECT_OBJC_ISA_USAGE = YES_ERROR;
				CLANG_WARN_DOCUMENTATION_COMMENTS = YES;
				CLANG_WARN_EMPTY_BODY = YES;
				CLANG_WARN_ENUM_CONVERSION = YES;
				CLANG_WARN_INFINITE_RECURSION = YES;
				CLANG_WARN_INT_CONVERSION = YES;
				CLANG_WARN_NON_LITERAL_NULL_CONVERSION = YES;
				CLANG_WARN_OBJC_IMPLICIT_RETAIN_SELF = YES;
				CLANG_WARN_OBJC_LITERAL_CONVERSION = YES;
				CLANG_WARN_OBJC_ROOT_CLASS = YES_ERROR;
				CLANG_WARN_QUOTED_INCLUDE_IN_FRAMEWORK_HEADER = YES;
				CLANG_WARN_RANGE_LOOP_ANALYSIS = YES;
				CLANG_WARN_STRICT_PROTOTYPES = YES;
				CLANG_WARN_SUSPICIOUS_MOVE = YES;
				CLANG_WARN_UNGUARDED_AVAILABILITY = YES_AGGRESSIVE;
				CLANG_WARN_UNREACHABLE_CODE = YES;
				CLANG_WARN__DUPLICATE_METHOD_MATCH = YES;
				COPY_PHASE_STRIP = NO;
				DEBUG_INFORMATION_FORMAT = dwarf;
				ENABLE_STRICT_OBJC_MSGSEND = YES;
				ENABLE_TESTABILITY = YES;
				ENABLE_USER_SCRIPT_SANDBOXING = YES;
				GCC_C_LANGUAGE_STANDARD = gnu17;
				GCC_DYNAMIC_NO_PIC = NO;
				GCC_NO_COMMON_BLOCKS = YES;
				GCC_OPTIMIZATION_LEVEL = 0;
				GCC_PREPROCESSOR_DEFINITIONS = (
					"DEBUG=1",
					"$(inherited)",
				);
				GCC_WARN_64_TO_32_BIT_CONVERSION = YES;
				GCC_WARN_ABOUT_RETURN_TYPE = YES_ERROR;
				GCC_WARN_UNDECLARED_SELECTOR = YES;
				GCC_WARN_UNINITIALIZED_AUTOS = YES_AGGRESSIVE;
				GCC_WARN_UNUSED_FUNCTION = YES;
				GCC_WARN_UNUSED_VARIABLE = YES;
				IPHONEOS_DEPLOYMENT_TARGET = 17.0;
				LOCALIZATION_PREFERS_STRING_CATALOGS = YES;
				MTL_ENABLE_DEBUG_INFO = INCLUDE_SOURCE;
				MTL_FAST_MATH = YES;
				ONLY_ACTIVE_ARCH = YES;
				SDKROOT = iphoneos;
				SWIFT_ACTIVE_COMPILATION_CONDITIONS = "DEBUG $(inherited)";
				SWIFT_OPTIMIZATION_LEVEL = "-Onone";
			};
			name = Debug;
		};
		52D782212AC1CF4F00926A13 /* Release */ = {
			isa = XCBuildConfiguration;
			buildSettings = {
				ALWAYS_SEARCH_USER_PATHS = NO;
				ASSETCATALOG_COMPILER_GENERATE_SWIFT_ASSET_SYMBOL_EXTENSIONS = YES;
				CLANG_ANALYZER_NONNULL = YES;
				CLANG_ANALYZER_NUMBER_OBJECT_CONVERSION = YES_AGGRESSIVE;
				CLANG_CXX_LANGUAGE_STANDARD = "gnu++20";
				CLANG_ENABLE_MODULES = YES;
				CLANG_ENABLE_OBJC_ARC = YES;
				CLANG_ENABLE_OBJC_WEAK = YES;
				CLANG_WARN_BLOCK_CAPTURE_AUTORELEASING = YES;
				CLANG_WARN_BOOL_CONVERSION = YES;
				CLANG_WARN_COMMA = YES;
				CLANG_WARN_CONSTANT_CONVERSION = YES;
				CLANG_WARN_DEPRECATED_OBJC_IMPLEMENTATIONS = YES;
				CLANG_WARN_DIRECT_OBJC_ISA_USAGE = YES_ERROR;
				CLANG_WARN_DOCUMENTATION_COMMENTS = YES;
				CLANG_WARN_EMPTY_BODY = YES;
				CLANG_WARN_ENUM_CONVERSION = YES;
				CLANG_WARN_INFINITE_RECURSION = YES;
				CLANG_WARN_INT_CONVERSION = YES;
				CLANG_WARN_NON_LITERAL_NULL_CONVERSION = YES;
				CLANG_WARN_OBJC_IMPLICIT_RETAIN_SELF = YES;
				CLANG_WARN_OBJC_LITERAL_CONVERSION = YES;
				CLANG_WARN_OBJC_ROOT_CLASS = YES_ERROR;
				CLANG_WARN_QUOTED_INCLUDE_IN_FRAMEWORK_HEADER = YES;
				CLANG_WARN_RANGE_LOOP_ANALYSIS = YES;
				CLANG_WARN_STRICT_PROTOTYPES = YES;
				CLANG_WARN_SUSPICIOUS_MOVE = YES;
				CLANG_WARN_UNGUARDED_AVAILABILITY = YES_AGGRESSIVE;
				CLANG_WARN_UNREACHABLE_CODE = YES;
				CLANG_WARN__DUPLICATE_METHOD_MATCH = YES;
				COPY_PHASE_STRIP = NO;
				DEBUG_INFORMATION_FORMAT = "dwarf-with-dsym";
				ENABLE_NS_ASSERTIONS = NO;
				ENABLE_STRICT_OBJC_MSGSEND = YES;
				ENABLE_USER_SCRIPT_SANDBOXING = YES;
				GCC_C_LANGUAGE_STANDARD = gnu17;
				GCC_NO_COMMON_BLOCKS = YES;
				GCC_WARN_64_TO_32_BIT_CONVERSION = YES;
				GCC_WARN_ABOUT_RETURN_TYPE = YES_ERROR;
				GCC_WARN_UNDECLARED_SELECTOR = YES;
				GCC_WARN_UNINITIALIZED_AUTOS = YES_AGGRESSIVE;
				GCC_WARN_UNUSED_FUNCTION = YES;
				GCC_WARN_UNUSED_VARIABLE = YES;
				IPHONEOS_DEPLOYMENT_TARGET = 17.0;
				LOCALIZATION_PREFERS_STRING_CATALOGS = YES;
				MTL_ENABLE_DEBUG_INFO = NO;
				MTL_FAST_MATH = YES;
				SDKROOT = iphoneos;
				SWIFT_COMPILATION_MODE = wholemodule;
				VALIDATE_PRODUCT = YES;
			};
			name = Release;
		};
		52D782232AC1CF4F00926A13 /* Debug */ = {
			isa = XCBuildConfiguration;
			baseConfigurationReference = EBB1DB2F2E2D36899D04700D /* Pods-pantry-app.debug.xcconfig */;
			buildSettings = {
				ASSETCATALOG_COMPILER_APPICON_NAME = AppIcon;
				ASSETCATALOG_COMPILER_GLOBAL_ACCENT_COLOR_NAME = AccentColor;
				CODE_SIGN_STYLE = Automatic;
				CURRENT_PROJECT_VERSION = 1;
				DEVELOPMENT_TEAM = F639597UZK;
				ENABLE_USER_SCRIPT_SANDBOXING = NO;
				GENERATE_INFOPLIST_FILE = YES;
				INFOPLIST_FILE = "pantry-app/Supporting/Info.plist";
				INFOPLIST_KEY_UIApplicationSupportsIndirectInputEvents = YES;
				INFOPLIST_KEY_UILaunchStoryboardName = LaunchScreen;
				INFOPLIST_KEY_UISupportedInterfaceOrientations_iPad = "UIInterfaceOrientationPortrait UIInterfaceOrientationPortraitUpsideDown UIInterfaceOrientationLandscapeLeft UIInterfaceOrientationLandscapeRight";
				INFOPLIST_KEY_UISupportedInterfaceOrientations_iPhone = "UIInterfaceOrientationPortrait UIInterfaceOrientationLandscapeLeft UIInterfaceOrientationLandscapeRight";
				LD_RUNPATH_SEARCH_PATHS = (
					"$(inherited)",
					"@executable_path/Frameworks",
				);
				MARKETING_VERSION = 1.0;
				PRODUCT_BUNDLE_IDENTIFIER = "com.marcoagizza.pantry-app";
				PRODUCT_NAME = "$(TARGET_NAME)";
				SWIFT_EMIT_LOC_STRINGS = YES;
				SWIFT_VERSION = 5.0;
				TARGETED_DEVICE_FAMILY = "1,2";
			};
			name = Debug;
		};
		52D782242AC1CF4F00926A13 /* Release */ = {
			isa = XCBuildConfiguration;
			baseConfigurationReference = 37D4221A27750E018DE76011 /* Pods-pantry-app.release.xcconfig */;
			buildSettings = {
				ASSETCATALOG_COMPILER_APPICON_NAME = AppIcon;
				ASSETCATALOG_COMPILER_GLOBAL_ACCENT_COLOR_NAME = AccentColor;
				CODE_SIGN_STYLE = Automatic;
				CURRENT_PROJECT_VERSION = 1;
				DEVELOPMENT_TEAM = F639597UZK;
				ENABLE_USER_SCRIPT_SANDBOXING = NO;
				GENERATE_INFOPLIST_FILE = YES;
				INFOPLIST_FILE = "pantry-app/Supporting/Info.plist";
				INFOPLIST_KEY_UIApplicationSupportsIndirectInputEvents = YES;
				INFOPLIST_KEY_UILaunchStoryboardName = LaunchScreen;
				INFOPLIST_KEY_UISupportedInterfaceOrientations_iPad = "UIInterfaceOrientationPortrait UIInterfaceOrientationPortraitUpsideDown UIInterfaceOrientationLandscapeLeft UIInterfaceOrientationLandscapeRight";
				INFOPLIST_KEY_UISupportedInterfaceOrientations_iPhone = "UIInterfaceOrientationPortrait UIInterfaceOrientationLandscapeLeft UIInterfaceOrientationLandscapeRight";
				LD_RUNPATH_SEARCH_PATHS = (
					"$(inherited)",
					"@executable_path/Frameworks",
				);
				MARKETING_VERSION = 1.0;
				PRODUCT_BUNDLE_IDENTIFIER = "com.marcoagizza.pantry-app";
				PRODUCT_NAME = "$(TARGET_NAME)";
				SWIFT_EMIT_LOC_STRINGS = YES;
				SWIFT_VERSION = 5.0;
				TARGETED_DEVICE_FAMILY = "1,2";
			};
			name = Release;
		};
/* End XCBuildConfiguration section */

/* Begin XCConfigurationList section */
		52D782092AC1CF4D00926A13 /* Build configuration list for PBXProject "pantry-app" */ = {
			isa = XCConfigurationList;
			buildConfigurations = (
				52D782202AC1CF4F00926A13 /* Debug */,
				52D782212AC1CF4F00926A13 /* Release */,
			);
			defaultConfigurationIsVisible = 0;
			defaultConfigurationName = Release;
		};
		52D782222AC1CF4F00926A13 /* Build configuration list for PBXNativeTarget "pantry-app" */ = {
			isa = XCConfigurationList;
			buildConfigurations = (
				52D782232AC1CF4F00926A13 /* Debug */,
				52D782242AC1CF4F00926A13 /* Release */,
			);
			defaultConfigurationIsVisible = 0;
			defaultConfigurationName = Release;
		};
/* End XCConfigurationList section */
	};
	rootObject = 52D782062AC1CF4D00926A13 /* Project object */;
}
